
Microsoft Visual Studio Solution File, Format Version 12.00
# Visual Studio 14
VisualStudioVersion = 14.0.25420.1
MinimumVisualStudioVersion = 10.0.40219.1
Project("{2150E333-8FDC-42A3-9474-1A3956D46DE8}") = "src", "src", "{4DBF2EED-3684-4196-B523-61B09BFAF894}"
EndProject
Project("{2150E333-8FDC-42A3-9474-1A3956D46DE8}") = "Solution Items", "Solution Items", "{0CB47970-B409-4F00-B74A-CC38660ADF17}"
	ProjectSection(SolutionItems) = preProject
		global.json = global.json
	EndProjectSection
EndProject
Project("{8BB2217D-0F2D-49D1-97BC-3654ED321F3B}") = "TaskApi", "src\TaskApi\TaskApi.xproj", "{5BC9CF8D-A8BB-4F67-BF98-F86C505B1975}"
EndProject
Project("{8BB2217D-0F2D-49D1-97BC-3654ED321F3B}") = "TaskApi.Application", "src\TaskApi.Application\TaskApi.Application.xproj", "{73995B46-8AF7-4ADC-9DE3-6E17F7246967}"
EndProject
Project("{8BB2217D-0F2D-49D1-97BC-3654ED321F3B}") = "TaskApi.Domain", "src\TaskApi.Domain\TaskApi.Domain.xproj", "{21F3A12F-F5F7-45C0-B8AC-7540F330B823}"
EndProject
Project("{8BB2217D-0F2D-49D1-97BC-3654ED321F3B}") = "TaskApi.Application.Dto", "src\TaskApi.Application.Dto\TaskApi.Application.Dto.xproj", "{492E0CE0-334B-4179-A7B8-F3EC30C04873}"
EndProject
Project("{8BB2217D-0F2D-49D1-97BC-3654ED321F3B}") = "TaskApi.Infrastructure", "src\TaskApi.Infrastructure\TaskApi.Infrastructure.xproj", "{B229A9B7-F0C1-4505-9FE0-CA72A18B6D09}"
EndProject
Global
	GlobalSection(SolutionConfigurationPlatforms) = preSolution
		Debug|Any CPU = Debug|Any CPU
		Release|Any CPU = Release|Any CPU
	EndGlobalSection
	GlobalSection(ProjectConfigurationPlatforms) = postSolution
		{5BC9CF8D-A8BB-4F67-BF98-F86C505B1975}.Debug|Any CPU.ActiveCfg = Debug|Any CPU
		{5BC9CF8D-A8BB-4F67-BF98-F86C505B1975}.Debug|Any CPU.Build.0 = Debug|Any CPU
		{5BC9CF8D-A8BB-4F67-BF98-F86C505B1975}.Release|Any CPU.ActiveCfg = Release|Any CPU
		{5BC9CF8D-A8BB-4F67-BF98-F86C505B1975}.Release|Any CPU.Build.0 = Release|Any CPU
		{73995B46-8AF7-4ADC-9DE3-6E17F7246967}.Debug|Any CPU.ActiveCfg = Debug|Any CPU
		{73995B46-8AF7-4ADC-9DE3-6E17F7246967}.Debug|Any CPU.Build.0 = Debug|Any CPU
		{73995B46-8AF7-4ADC-9DE3-6E17F7246967}.Release|Any CPU.ActiveCfg = Release|Any CPU
		{73995B46-8AF7-4ADC-9DE3-6E17F7246967}.Release|Any CPU.Build.0 = Release|Any CPU
		{21F3A12F-F5F7-45C0-B8AC-7540F330B823}.Debug|Any CPU.ActiveCfg = Debug|Any CPU
		{21F3A12F-F5F7-45C0-B8AC-7540F330B823}.Debug|Any CPU.Build.0 = Debug|Any CPU
		{21F3A12F-F5F7-45C0-B8AC-7540F330B823}.Release|Any CPU.ActiveCfg = Release|Any CPU
		{21F3A12F-F5F7-45C0-B8AC-7540F330B823}.Release|Any CPU.Build.0 = Release|Any CPU
		{492E0CE0-334B-4179-A7B8-F3EC30C04873}.Debug|Any CPU.ActiveCfg = Debug|Any CPU
		{492E0CE0-334B-4179-A7B8-F3EC30C04873}.Debug|Any CPU.Build.0 = Debug|Any CPU
		{492E0CE0-334B-4179-A7B8-F3EC30C04873}.Release|Any CPU.ActiveCfg = Release|Any CPU
		{492E0CE0-334B-4179-A7B8-F3EC30C04873}.Release|Any CPU.Build.0 = Release|Any CPU
		{B229A9B7-F0C1-4505-9FE0-CA72A18B6D09}.Debug|Any CPU.ActiveCfg = Debug|Any CPU
		{B229A9B7-F0C1-4505-9FE0-CA72A18B6D09}.Debug|Any CPU.Build.0 = Debug|Any CPU
		{B229A9B7-F0C1-4505-9FE0-CA72A18B6D09}.Release|Any CPU.ActiveCfg = Release|Any CPU
		{B229A9B7-F0C1-4505-9FE0-CA72A18B6D09}.Release|Any CPU.Build.0 = Release|Any CPU
	EndGlobalSection
	GlobalSection(SolutionProperties) = preSolution
		HideSolutionNode = FALSE
	EndGlobalSection
	GlobalSection(NestedProjects) = preSolution
		{5BC9CF8D-A8BB-4F67-BF98-F86C505B1975} = {4DBF2EED-3684-4196-B523-61B09BFAF894}
		{73995B46-8AF7-4ADC-9DE3-6E17F7246967} = {4DBF2EED-3684-4196-B523-61B09BFAF894}
		{21F3A12F-F5F7-45C0-B8AC-7540F330B823} = {4DBF2EED-3684-4196-B523-61B09BFAF894}
		{492E0CE0-334B-4179-A7B8-F3EC30C04873} = {4DBF2EED-3684-4196-B523-61B09BFAF894}
		{B229A9B7-F0C1-4505-9FE0-CA72A18B6D09} = {4DBF2EED-3684-4196-B523-61B09BFAF894}
	EndGlobalSection
EndGlobal
